{
  "object": {
    "pins": [
      {
        "package": "Facebook",
        "repositoryURL": "https://github.com/facebook/facebook-ios-sdk.git",
        "state": {
          "branch": null,
          "revision": "cdb8c71fb7f22b4f1af05c21246c12c1aa49f89e",
          "version": "6.5.2"
        }
      },
      {
        "package": "iOSShared",
        "repositoryURL": "https://github.com/SyncServerII/iOSShared.git",
        "state": {
          "branch": "master",
          "revision": "5ba4137b142b25ae08eff050e718f047a414ddfd",
          "version": null
        }
      },
      {
        "package": "iOSSignIn",
        "repositoryURL": "https://github.com/SyncServerII/iOSSignIn.git",
        "state": {
          "branch": "master",
          "revision": "e4435f0a503cbf18490a0162c9637c2ba02137d1",
          "version": null
        }
      },
      {
        "package": "KeychainAccess",
        "repositoryURL": "https://github.com/kishikawakatsumi/KeychainAccess.git",
        "state": {
          "branch": null,
          "revision": "8d33ffd6f74b3bcfc99af759d4204c6395a3f918",
          "version": "3.2.1"
        }
      },
      {
        "package": "PersistentValue",
        "repositoryURL": "https://github.com/crspybits/PersistentValue.git",
        "state": {
          "branch": null,
          "revision": "995657d86a2101abfc1bb72a2c631d8433707df0",
          "version": "0.6.0"
        }
      },
      {
        "package": "ServerShared",
        "repositoryURL": "https://github.com/SyncServerII/ServerShared.git",
        "state": {
          "branch": "master",
          "revision": "0180e2e40290ab02fea5c969404de54e09f99612",
          "version": null
        }
      },
      {
        "package": "swift-log",
        "repositoryURL": "https://github.com/apple/swift-log.git",
        "state": {
          "branch": null,
          "revision": "74d7b91ceebc85daf387ebb206003f78813f71aa",
          "version": "1.2.0"
        }
      },
      {
        "package": "SwiftyUserDefaults",
        "repositoryURL": "https://github.com/sunshinejr/SwiftyUserDefaults.git",
        "state": {
          "branch": null,
          "revision": "1930a81a299b074fd72eee09e88e452ad37dc34d",
          "version": "5.0.0"
        }
      }
    ]
  },
  "version": 1
}
